
Microsoft Visual Studio Solution File, Format Version 11.00
# Visual Studio 2010
# SharpDevelop 5.1
Project("{FAE04EC0-301F-11D3-BF4B-00C04F79EFBC}") = "FormCreating", "FormCreating\FormCreating.csproj", "{B0859D89-E9A9-4051-94B8-806F7F566304}"
EndProject
Global
	GlobalSection(SolutionConfigurationPlatforms) = preSolution
		Debug|Any CPU = Debug|Any CPU
		Release|Any CPU = Release|Any CPU
	EndGlobalSection
	GlobalSection(ProjectConfigurationPlatforms) = postSolution
		{B0859D89-E9A9-4051-94B8-806F7F566304}.Debug|Any CPU.ActiveCfg = Debug|Any CPU
		{B0859D89-E9A9-4051-94B8-806F7F566304}.Debug|Any CPU.Build.0 = Debug|Any CPU
		{B0859D89-E9A9-4051-94B8-806F7F566304}.Release|Any CPU.ActiveCfg = Release|Any CPU
		{B0859D89-E9A9-4051-94B8-806F7F566304}.Release|Any CPU.Build.0 = Release|Any CPU
	EndGlobalSection
EndGlobal
